
Microsoft Visual Studio Solution File, Format Version 12.00
# Visual Studio Version 17
VisualStudioVersion = 17.2.32602.215
MinimumVisualStudioVersion = 10.0.40219.1
Project("{FAE04EC0-301F-11D3-BF4B-00C04F79EFBC}") = "MyFirstApp", "MyFirstApp.csproj", "{D6AC3A85-8390-4CD8-9E97-1B87D32F878F}"
EndProject
Global
	GlobalSection(SolutionConfigurationPlatforms) = preSolution
		Debug|Any CPU = Debug|Any CPU
		Release|Any CPU = Release|Any CPU
	EndGlobalSection
	GlobalSection(ProjectConfigurationPlatforms) = postSolution
		{D6AC3A85-8390-4CD8-9E97-1B87D32F878F}.Debug|Any CPU.ActiveCfg = Debug|Any CPU
		{D6AC3A85-8390-4CD8-9E97-1B87D32F878F}.Debug|Any CPU.Build.0 = Debug|Any CPU
		{D6AC3A85-8390-4CD8-9E97-1B87D32F878F}.Release|Any CPU.ActiveCfg = Release|Any CPU
		{D6AC3A85-8390-4CD8-9E97-1B87D32F878F}.Release|Any CPU.Build.0 = Release|Any CPU
	EndGlobalSection
	GlobalSection(SolutionProperties) = preSolution
		HideSolutionNode = FALSE
	EndGlobalSection
	GlobalSection(ExtensibilityGlobals) = postSolution
		SolutionGuid = {C6266952-CF8A-4404-BFCE-2C1D01E92599}
	EndGlobalSection
EndGlobal
